
Microsoft Visual Studio Solution File, Format Version 12.00
# Visual Studio Version 17
VisualStudioVersion = 17.10.35004.147
MinimumVisualStudioVersion = 10.0.40219.1
Project("{E24C65DC-7377-472B-9ABA-BC803B73C61A}") = "soapWebService", "soapWebService\", "{184B8033-A261-443E-9369-20F3D871FDAE}"
	ProjectSection(WebsiteProperties) = preProject
		TargetFrameworkMoniker = ".NETFramework,Version%3Dv4.7.2"
		Debug.AspNetCompiler.VirtualPath = "/localhost_22513"
		Debug.AspNetCompiler.PhysicalPath = "soapWebService\"
		Debug.AspNetCompiler.TargetPath = "PrecompiledWeb\localhost_22513\"
		Debug.AspNetCompiler.Updateable = "true"
		Debug.AspNetCompiler.ForceOverwrite = "true"
		Debug.AspNetCompiler.FixedNames = "false"
		Debug.AspNetCompiler.Debug = "True"
		Release.AspNetCompiler.VirtualPath = "/localhost_22513"
		Release.AspNetCompiler.PhysicalPath = "soapWebService\"
		Release.AspNetCompiler.TargetPath = "PrecompiledWeb\localhost_22513\"
		Release.AspNetCompiler.Updateable = "true"
		Release.AspNetCompiler.ForceOverwrite = "true"
		Release.AspNetCompiler.FixedNames = "false"
		Release.AspNetCompiler.Debug = "False"
		VWDPort = "22513"
		SlnRelativePath = "soapWebService\"
	EndProjectSection
EndProject
Project("{9A19103F-16F7-4668-BE54-9A1E7A4F7556}") = "WebApi", "WebApi\WebApi.csproj", "{C3CB408F-2256-4502-95AC-06F2C9980658}"
EndProject
Project("{2150E333-8FDC-42A3-9474-1A3956D46DE8}") = "Solution Items", "Solution Items", "{99E642FA-094D-4B46-AC3F-C977DB1E64EA}"
	ProjectSection(SolutionItems) = preProject
		README.md = README.md
	EndProjectSection
EndProject
Project("{FAE04EC0-301F-11D3-BF4B-00C04F79EFBC}") = "TestClientWpf", "TestClientWpf\TestClientWpf.csproj", "{34D19D3B-2E39-4913-AA0E-F702B4860722}"
EndProject
Global
	GlobalSection(SolutionConfigurationPlatforms) = preSolution
		Debug|Any CPU = Debug|Any CPU
		Release|Any CPU = Release|Any CPU
	EndGlobalSection
	GlobalSection(ProjectConfigurationPlatforms) = postSolution
		{184B8033-A261-443E-9369-20F3D871FDAE}.Debug|Any CPU.ActiveCfg = Debug|Any CPU
		{184B8033-A261-443E-9369-20F3D871FDAE}.Debug|Any CPU.Build.0 = Debug|Any CPU
		{184B8033-A261-443E-9369-20F3D871FDAE}.Release|Any CPU.ActiveCfg = Debug|Any CPU
		{184B8033-A261-443E-9369-20F3D871FDAE}.Release|Any CPU.Build.0 = Debug|Any CPU
		{C3CB408F-2256-4502-95AC-06F2C9980658}.Debug|Any CPU.ActiveCfg = Debug|Any CPU
		{C3CB408F-2256-4502-95AC-06F2C9980658}.Debug|Any CPU.Build.0 = Debug|Any CPU
		{C3CB408F-2256-4502-95AC-06F2C9980658}.Release|Any CPU.ActiveCfg = Release|Any CPU
		{C3CB408F-2256-4502-95AC-06F2C9980658}.Release|Any CPU.Build.0 = Release|Any CPU
		{34D19D3B-2E39-4913-AA0E-F702B4860722}.Debug|Any CPU.ActiveCfg = Debug|Any CPU
		{34D19D3B-2E39-4913-AA0E-F702B4860722}.Debug|Any CPU.Build.0 = Debug|Any CPU
		{34D19D3B-2E39-4913-AA0E-F702B4860722}.Release|Any CPU.ActiveCfg = Release|Any CPU
		{34D19D3B-2E39-4913-AA0E-F702B4860722}.Release|Any CPU.Build.0 = Release|Any CPU
	EndGlobalSection
	GlobalSection(SolutionProperties) = preSolution
		HideSolutionNode = FALSE
	EndGlobalSection
	GlobalSection(ExtensibilityGlobals) = postSolution
		SolutionGuid = {BA5B3F6B-0636-4020-9178-5A20935A2EB6}
	EndGlobalSection
EndGlobal
